// !$*UTF8*$!
{
	archiveVersion = 1;
	classes = {
	};
	objectVersion = 50;
	objects = {

/* Begin PBXBuildFile section */
		3AADE4E823E2CDE7004D2652 /* AppDelegate.swift in Sources */ = {isa = PBXBuildFile; fileRef = 3AADE4E723E2CDE7004D2652 /* AppDelegate.swift */; };
		3AADE4EA23E2CDE7004D2652 /* SceneDelegate.swift in Sources */ = {isa = PBXBuildFile; fileRef = 3AADE4E923E2CDE7004D2652 /* SceneDelegate.swift */; };
		3AADE4EC23E2CDE7004D2652 /* ContentView.swift in Sources */ = {isa = PBXBuildFile; fileRef = 3AADE4EB23E2CDE7004D2652 /* ContentView.swift */; };
		3AADE4EE23E2CDEC004D2652 /* Assets.xcassets in Resources */ = {isa = PBXBuildFile; fileRef = 3AADE4ED23E2CDEC004D2652 /* Assets.xcassets */; };
		3AADE4F123E2CDEC004D2652 /* Preview Assets.xcassets in Resources */ = {isa = PBXBuildFile; fileRef = 3AADE4F023E2CDEC004D2652 /* Preview Assets.xcassets */; };
		3AADE4F423E2CDEC004D2652 /* LaunchScreen.storyboard in Resources */ = {isa = PBXBuildFile; fileRef = 3AADE4F223E2CDEC004D2652 /* LaunchScreen.storyboard */; };
/* End PBXBuildFile section */

/* Begin PBXFileReference section */
		3AADE4E423E2CDE7004D2652 /* FixedHeaderNavigationLink.app */ = {isa = PBXFileReference; explicitFileType = wrapper.application; includeInIndex = 0; path = FixedHeaderNavigationLink.app; sourceTree = BUILT_PRODUCTS_DIR; };
		3AADE4E723E2CDE7004D2652 /* AppDelegate.swift */ = {isa = PBXFileReference; lastKnownFileType = sourcecode.swift; path = AppDelegate.swift; sourceTree = "<group>"; };
		3AADE4E923E2CDE7004D2652 /* SceneDelegate.swift */ = {isa = PBXFileReference; lastKnownFileType = sourcecode.swift; path = SceneDelegate.swift; sourceTree = "<group>"; };
		3AADE4EB23E2CDE7004D2652 /* ContentView.swift */ = {isa = PBXFileReference; lastKnownFileType = sourcecode.swift; path = ContentView.swift; sourceTree = "<group>"; };
		3AADE4ED23E2CDEC004D2652 /* Assets.xcassets */ = {isa = PBXFileReference; lastKnownFileType = folder.assetcatalog; path = Assets.xcassets; sourceTree = "<group>"; };
		3AADE4F023E2CDEC004D2652 /* Preview Assets.xcassets */ = {isa = PBXFileReference; lastKnownFileType = folder.assetcatalog; path = "Preview Assets.xcassets"; sourceTree = "<group>"; };
		3AADE4F323E2CDEC004D2652 /* Base */ = {isa = PBXFileReference; lastKnownFileType = file.storyboard; name = Base; path = Base.lproj/LaunchScreen.storyboard; sourceTree = "<group>"; };
		3AADE4F523E2CDEC004D2652 /* Info.plist */ = {isa = PBXFileReference; lastKnownFileType = text.plist.xml; path = Info.plist; sourceTree = "<group>"; };
/* End PBXFileReference section */

/* Begin PBXFrameworksBuildPhase section */
		3AADE4E123E2CDE7004D2652 /* Frameworks */ = {
			isa = PBXFrameworksBuildPhase;
			buildActionMask = 2147483647;
			files = (
			);
			runOnlyForDeploymentPostprocessing = 0;
		};
/* End PBXFrameworksBuildPhase section */

/* Begin PBXGroup section */
		3AADE4DB23E2CDE7004D2652 = {
			isa = PBXGroup;
			children = (
				3AADE4E623E2CDE7004D2652 /* FixedHeaderNavigationLink */,
				3AADE4E523E2CDE7004D2652 /* Products */,
			);
			sourceTree = "<group>";
		};
		3AADE4E523E2CDE7004D2652 /* Products */ = {
			isa = PBXGroup;
			children = (
				3AADE4E423E2CDE7004D2652 /* FixedHeaderNavigationLink.app */,
			);
			name = Products;
			sourceTree = "<group>";
		};
		3AADE4E623E2CDE7004D2652 /* FixedHeaderNavigationLink */ = {
			isa = PBXGroup;
			children = (
				3AADE4E723E2CDE7004D2652 /* AppDelegate.swift */,
				3AADE4E923E2CDE7004D2652 /* SceneDelegate.swift */,
				3AADE4EB23E2CDE7004D2652 /* ContentView.swift */,
				3AADE4ED23E2CDEC004D2652 /* Assets.xcassets */,
				3AADE4F223E2CDEC004D2652 /* LaunchScreen.storyboard */,
				3AADE4F523E2CDEC004D2652 /* Info.plist */,
				3AADE4EF23E2CDEC004D2652 /* Preview Content */,
			);
			path = FixedHeaderNavigationLink;
			sourceTree = "<group>";
		};
		3AADE4EF23E2CDEC004D2652 /* Preview Content */ = {
			isa = PBXGroup;
			children = (
				3AADE4F023E2CDEC004D2652 /* Preview Assets.xcassets */,
			);
			path = "Preview Content";
			sourceTree = "<group>";
		};
/* End PBXGroup section */

/* Begin PBXNativeTarget section */
		3AADE4E323E2CDE7004D2652 /* FixedHeaderNavigationLink */ = {
			isa = PBXNativeTarget;
			buildConfigurationList = 3AADE4F823E2CDEC004D2652 /* Build configuration list for PBXNativeTarget "FixedHeaderNavigationLink" */;
			buildPhases = (
				3AADE4E023E2CDE7004D2652 /* Sources */,
				3AADE4E123E2CDE7004D2652 /* Frameworks */,
				3AADE4E223E2CDE7004D2652 /* Resources */,
			);
			buildRules = (
			);
			dependencies = (
			);
			name = FixedHeaderNavigationLink;
			productName = FixedHeaderNavigationLink;
			productReference = 3AADE4E423E2CDE7004D2652 /* FixedHeaderNavigationLink.app */;
			productType = "com.apple.product-type.application";
		};
/* End PBXNativeTarget section */

/* Begin PBXProject section */
		3AADE4DC23E2CDE7004D2652 /* Project object */ = {
			isa = PBXProject;
			attributes = {
				LastSwiftUpdateCheck = 1130;
				LastUpgradeCheck = 1130;
				ORGANIZATIONNAME = "Dan Kinney";
				TargetAttributes = {
					3AADE4E323E2CDE7004D2652 = {
						CreatedOnToolsVersion = 11.3.1;
					};
				};
			};
			buildConfigurationList = 3AADE4DF23E2CDE7004D2652 /* Build configuration list for PBXProject "FixedHeaderNavigationLink" */;
			compatibilityVersion = "Xcode 9.3";
			developmentRegion = en;
			hasScannedForEncodings = 0;
			knownRegions = (
				en,
				Base,
			);
			mainGroup = 3AADE4DB23E2CDE7004D2652;
			productRefGroup = 3AADE4E523E2CDE7004D2652 /* Products */;
			projectDirPath = "";
			projectRoot = "";
			targets = (
				3AADE4E323E2CDE7004D2652 /* FixedHeaderNavigationLink */,
			);
		};
/* End PBXProject section */

/* Begin PBXResourcesBuildPhase section */
		3AADE4E223E2CDE7004D2652 /* Resources */ = {
			isa = PBXResourcesBuildPhase;
			buildActionMask = 2147483647;
			files = (
				3AADE4F423E2CDEC004D2652 /* LaunchScreen.storyboard in Resources */,
				3AADE4F123E2CDEC004D2652 /* Preview Assets.xcassets in Resources */,
				3AADE4EE23E2CDEC004D2652 /* Assets.xcassets in Resources */,
			);
			runOnlyForDeploymentPostprocessing = 0;
		};
/* End PBXResourcesBuildPhase section */

/* Begin PBXSourcesBuildPhase section */
		3AADE4E023E2CDE7004D2652 /* Sources */ = {
			isa = PBXSourcesBuildPhase;
			buildActionMask = 2147483647;
			files = (
				3AADE4E823E2CDE7004D2652 /* AppDelegate.swift in Sources */,
				3AADE4EA23E2CDE7004D2652 /* SceneDelegate.swift in Sources */,
				3AADE4EC23E2CDE7004D2652 /* ContentView.swift in Sources */,
			);
			runOnlyForDeploymentPostprocessing = 0;
		};
/* End PBXSourcesBuildPhase section */

/* Begin PBXVariantGroup section */
		3AADE4F223E2CDEC004D2652 /* LaunchScreen.storyboard */ = {
			isa = PBXVariantGroup;
			children = (
				3AADE4F323E2CDEC004D2652 /* Base */,
			);
			name = LaunchScreen.storyboard;
			sourceTree = "<group>";
		};
/* End PBXVariantGroup section */

/* Begin XCBuildConfiguration section */
		3AADE4F623E2CDEC004D2652 /* Debug */ = {
			isa = XCBuildConfiguration;
			buildSettings = {
				ALWAYS_SEARCH_USER_PATHS = NO;
				CLANG_ANALYZER_NONNULL = YES;
				CLANG_ANALYZER_NUMBER_OBJECT_CONVERSION = YES_AGGRESSIVE;
				CLANG_CXX_LANGUAGE_STANDARD = "gnu++14";
				CLANG_CXX_LIBRARY = "libc++";
				CLANG_ENABLE_MODULES = YES;
				CLANG_ENABLE_OBJC_ARC = YES;
				CLANG_ENABLE_OBJC_WEAK = YES;
				CLANG_WARN_BLOCK_CAPTURE_AUTORELEASING = YES;
				CLANG_WARN_BOOL_CONVERSION = YES;
				CLANG_WARN_COMMA = YES;
				CLANG_WARN_CONSTANT_CONVERSION = YES;
				CLANG_WARN_DEPRECATED_OBJC_IMPLEMENTATIONS = YES;
				CLANG_WARN_DIRECT_OBJC_ISA_USAGE = YES_ERROR;
				CLANG_WARN_DOCUMENTATION_COMMENTS = YES;
				CLANG_WARN_EMPTY_BODY = YES;
				CLANG_WARN_ENUM_CONVERSION = YES;
				CLANG_WARN_INFINITE_RECURSION = YES;
				CLANG_WARN_INT_CONVERSION = YES;
				CLANG_WARN_NON_LITERAL_NULL_CONVERSION = YES;
				CLANG_WARN_OBJC_IMPLICIT_RETAIN_SELF = YES;
				CLANG_WARN_OBJC_LITERAL_CONVERSION = YES;
				CLANG_WARN_OBJC_ROOT_CLASS = YES_ERROR;
				CLANG_WARN_RANGE_LOOP_ANALYSIS = YES;
				CLANG_WARN_STRICT_PROTOTYPES = YES;
				CLANG_WARN_SUSPICIOUS_MOVE = YES;
				CLANG_WARN_UNGUARDED_AVAILABILITY = YES_AGGRESSIVE;
				CLANG_WARN_UNREACHABLE_CODE = YES;
				CLANG_WARN__DUPLICATE_METHOD_MATCH = YES;
				COPY_PHASE_STRIP = NO;
				DEBUG_INFORMATION_FORMAT = dwarf;
				ENABLE_STRICT_OBJC_MSGSEND = YES;
				ENABLE_TESTABILITY = YES;
				GCC_C_LANGUAGE_STANDARD = gnu11;
				GCC_DYNAMIC_NO_PIC = NO;
				GCC_NO_COMMON_BLOCKS = YES;
				GCC_OPTIMIZATION_LEVEL = 0;
				GCC_PREPROCESSOR_DEFINITIONS = (
					"DEBUG=1",
					"$(inherited)",
				);
				GCC_WARN_64_TO_32_BIT_CONVERSION = YES;
				GCC_WARN_ABOUT_RETURN_TYPE = YES_ERROR;
				GCC_WARN_UNDECLARED_SELECTOR = YES;
				GCC_WARN_UNINITIALIZED_AUTOS = YES_AGGRESSIVE;
				GCC_WARN_UNUSED_FUNCTION = YES;
				GCC_WARN_UNUSED_VARIABLE = YES;
				IPHONEOS_DEPLOYMENT_TARGET = 13.2;
				MTL_ENABLE_DEBUG_INFO = INCLUDE_SOURCE;
				MTL_FAST_MATH = YES;
				ONLY_ACTIVE_ARCH = YES;
				SDKROOT = iphoneos;
				SWIFT_ACTIVE_COMPILATION_CONDITIONS = DEBUG;
				SWIFT_OPTIMIZATION_LEVEL = "-Onone";
			};
			name = Debug;
		};
		3AADE4F723E2CDEC004D2652 /* Release */ = {
			isa = XCBuildConfiguration;
			buildSettings = {
				ALWAYS_SEARCH_USER_PATHS = NO;
				CLANG_ANALYZER_NONNULL = YES;
				CLANG_ANALYZER_NUMBER_OBJECT_CONVERSION = YES_AGGRESSIVE;
				CLANG_CXX_LANGUAGE_STANDARD = "gnu++14";
				CLANG_CXX_LIBRARY = "libc++";
				CLANG_ENABLE_MODULES = YES;
				CLANG_ENABLE_OBJC_ARC = YES;
				CLANG_ENABLE_OBJC_WEAK = YES;
				CLANG_WARN_BLOCK_CAPTURE_AUTORELEASING = YES;
				CLANG_WARN_BOOL_CONVERSION = YES;
				CLANG_WARN_COMMA = YES;
				CLANG_WARN_CONSTANT_CONVERSION = YES;
				CLANG_WARN_DEPRECATED_OBJC_IMPLEMENTATIONS = YES;
				CLANG_WARN_DIRECT_OBJC_ISA_USAGE = YES_ERROR;
				CLANG_WARN_DOCUMENTATION_COMMENTS = YES;
				CLANG_WARN_EMPTY_BODY = YES;
				CLANG_WARN_ENUM_CONVERSION = YES;
				CLANG_WARN_INFINITE_RECURSION = YES;
				CLANG_WARN_INT_CONVERSION = YES;
				CLANG_WARN_NON_LITERAL_NULL_CONVERSION = YES;
				CLANG_WARN_OBJC_IMPLICIT_RETAIN_SELF = YES;
				CLANG_WARN_OBJC_LITERAL_CONVERSION = YES;
				CLANG_WARN_OBJC_ROOT_CLASS = YES_ERROR;
				CLANG_WARN_RANGE_LOOP_ANALYSIS = YES;
				CLANG_WARN_STRICT_PROTOTYPES = YES;
				CLANG_WARN_SUSPICIOUS_MOVE = YES;
				CLANG_WARN_UNGUARDED_AVAILABILITY = YES_AGGRESSIVE;
				CLANG_WARN_UNREACHABLE_CODE = YES;
				CLANG_WARN__DUPLICATE_METHOD_MATCH = YES;
				COPY_PHASE_STRIP = NO;
				DEBUG_INFORMATION_FORMAT = "dwarf-with-dsym";
				ENABLE_NS_ASSERTIONS = NO;
				ENABLE_STRICT_OBJC_MSGSEND = YES;
				GCC_C_LANGUAGE_STANDARD = gnu11;
				GCC_NO_COMMON_BLOCKS = YES;
				GCC_WARN_64_TO_32_BIT_CONVERSION = YES;
				GCC_WARN_ABOUT_RETURN_TYPE = YES_ERROR;
				GCC_WARN_UNDECLARED_SELECTOR = YES;
				GCC_WARN_UNINITIALIZED_AUTOS = YES_AGGRESSIVE;
				GCC_WARN_UNUSED_FUNCTION = YES;
				GCC_WARN_UNUSED_VARIABLE = YES;
				IPHONEOS_DEPLOYMENT_TARGET = 13.2;
				MTL_ENABLE_DEBUG_INFO = NO;
				MTL_FAST_MATH = YES;
				SDKROOT = iphoneos;
				SWIFT_COMPILATION_MODE = wholemodule;
				SWIFT_OPTIMIZATION_LEVEL = "-O";
				VALIDATE_PRODUCT = YES;
			};
			name = Release;
		};
		3AADE4F923E2CDEC004D2652 /* Debug */ = {
			isa = XCBuildConfiguration;
			buildSettings = {
				ASSETCATALOG_COMPILER_APPICON_NAME = AppIcon;
				CODE_SIGN_STYLE = Automatic;
				DEVELOPMENT_ASSET_PATHS = "\"FixedHeaderNavigationLink/Preview Content\"";
				DEVELOPMENT_TEAM = HH5JDF97VZ;
				ENABLE_PREVIEWS = YES;
				INFOPLIST_FILE = FixedHeaderNavigationLink/Info.plist;
				LD_RUNPATH_SEARCH_PATHS = (
					"$(inherited)",
					"@executable_path/Frameworks",
				);
				PRODUCT_BUNDLE_IDENTIFIER = com.metiax.FixedHeaderNavigationLink;
				PRODUCT_NAME = "$(TARGET_NAME)";
				SWIFT_VERSION = 5.0;
				TARGETED_DEVICE_FAMILY = "1,2";
			};
			name = Debug;
		};
		3AADE4FA23E2CDEC004D2652 /* Release */ = {
			isa = XCBuildConfiguration;
			buildSettings = {
				ASSETCATALOG_COMPILER_APPICON_NAME = AppIcon;
				CODE_SIGN_STYLE = Automatic;
				DEVELOPMENT_ASSET_PATHS = "\"FixedHeaderNavigationLink/Preview Content\"";
				DEVELOPMENT_TEAM = HH5JDF97VZ;
				ENABLE_PREVIEWS = YES;
				INFOPLIST_FILE = FixedHeaderNavigationLink/Info.plist;
				LD_RUNPATH_SEARCH_PATHS = (
					"$(inherited)",
					"@executable_path/Frameworks",
				);
				PRODUCT_BUNDLE_IDENTIFIER = com.metiax.FixedHeaderNavigationLink;
				PRODUCT_NAME = "$(TARGET_NAME)";
				SWIFT_VERSION = 5.0;
				TARGETED_DEVICE_FAMILY = "1,2";
			};
			name = Release;
		};
/* End XCBuildConfiguration section */

/* Begin XCConfigurationList section */
		3AADE4DF23E2CDE7004D2652 /* Build configuration list for PBXProject "FixedHeaderNavigationLink" */ = {
			isa = XCConfigurationList;
			buildConfigurations = (
				3AADE4F623E2CDEC004D2652 /* Debug */,
				3AADE4F723E2CDEC004D2652 /* Release */,
			);
			defaultConfigurationIsVisible = 0;
			defaultConfigurationName = Release;
		};
		3AADE4F823E2CDEC004D2652 /* Build configuration list for PBXNativeTarget "FixedHeaderNavigationLink" */ = {
			isa = XCConfigurationList;
			buildConfigurations = (
				3AADE4F923E2CDEC004D2652 /* Debug */,
				3AADE4FA23E2CDEC004D2652 /* Release */,
			);
			defaultConfigurationIsVisible = 0;
			defaultConfigurationName = Release;
		};
/* End XCConfigurationList section */
	};
	rootObject = 3AADE4DC23E2CDE7004D2652 /* Project object */;
}
